
Microsoft Visual Studio Solution File, Format Version 12.00
# Visual Studio Version 17
VisualStudioVersion = 17.6.33712.159
MinimumVisualStudioVersion = 10.0.40219.1
Project("{FAE04EC0-301F-11D3-BF4B-00C04F79EFBC}") = "Консоль Практическое задание №4", "Консоль Практическое задание №4\Консоль Практическое задание №4.csproj", "{76B7A072-FDD0-4569-92EE-1EFE1A3C06AC}"
EndProject
Global
	GlobalSection(SolutionConfigurationPlatforms) = preSolution
		Debug|Any CPU = Debug|Any CPU
		Release|Any CPU = Release|Any CPU
	EndGlobalSection
	GlobalSection(ProjectConfigurationPlatforms) = postSolution
		{76B7A072-FDD0-4569-92EE-1EFE1A3C06AC}.Debug|Any CPU.ActiveCfg = Debug|Any CPU
		{76B7A072-FDD0-4569-92EE-1EFE1A3C06AC}.Debug|Any CPU.Build.0 = Debug|Any CPU
		{76B7A072-FDD0-4569-92EE-1EFE1A3C06AC}.Release|Any CPU.ActiveCfg = Release|Any CPU
		{76B7A072-FDD0-4569-92EE-1EFE1A3C06AC}.Release|Any CPU.Build.0 = Release|Any CPU
	EndGlobalSection
	GlobalSection(SolutionProperties) = preSolution
		HideSolutionNode = FALSE
	EndGlobalSection
	GlobalSection(ExtensibilityGlobals) = postSolution
		SolutionGuid = {C93433B9-229C-41FD-A1A5-462C270D3B5B}
	EndGlobalSection
EndGlobal
